
Microsoft Visual Studio Solution File, Format Version 12.00
# Visual Studio Version 17
VisualStudioVersion = 17.6.33801.468
MinimumVisualStudioVersion = 10.0.40219.1
Project("{FAE04EC0-301F-11D3-BF4B-00C04F79EFBC}") = "SharpProcessDump", "SharpProcessDump\SharpProcessDump.csproj", "{D684E428-8E29-4783-B42B-2BAD58F47A37}"
EndProject
Global
	GlobalSection(SolutionConfigurationPlatforms) = preSolution
		Debug|Any CPU = Debug|Any CPU
		Debug|x64 = Debug|x64
		Release|Any CPU = Release|Any CPU
		Release|x64 = Release|x64
	EndGlobalSection
	GlobalSection(ProjectConfigurationPlatforms) = postSolution
		{D684E428-8E29-4783-B42B-2BAD58F47A37}.Debug|Any CPU.ActiveCfg = Debug|Any CPU
		{D684E428-8E29-4783-B42B-2BAD58F47A37}.Debug|Any CPU.Build.0 = Debug|Any CPU
		{D684E428-8E29-4783-B42B-2BAD58F47A37}.Debug|x64.ActiveCfg = Debug|x64
		{D684E428-8E29-4783-B42B-2BAD58F47A37}.Debug|x64.Build.0 = Debug|x64
		{D684E428-8E29-4783-B42B-2BAD58F47A37}.Release|Any CPU.ActiveCfg = Release|Any CPU
		{D684E428-8E29-4783-B42B-2BAD58F47A37}.Release|Any CPU.Build.0 = Release|Any CPU
		{D684E428-8E29-4783-B42B-2BAD58F47A37}.Release|x64.ActiveCfg = Release|x64
		{D684E428-8E29-4783-B42B-2BAD58F47A37}.Release|x64.Build.0 = Release|x64
	EndGlobalSection
	GlobalSection(SolutionProperties) = preSolution
		HideSolutionNode = FALSE
	EndGlobalSection
	GlobalSection(ExtensibilityGlobals) = postSolution
		SolutionGuid = {9E805C61-0AE0-41BE-9F7C-E1430D1283B5}
	EndGlobalSection
EndGlobal
